// !$*UTF8*$!
{
	archiveVersion = 1;
	classes = {
	};
	objectVersion = 46;
	objects = {

/* Begin PBXBuildFile section */
		8CC75A9B1B870F5300EA9C97 /* AppDelegate.swift in Sources */ = {isa = PBXBuildFile; fileRef = 8CC75A9A1B870F5300EA9C97 /* AppDelegate.swift */; };
		8CC75A9E1B870F5300EA9C97 /* MyFirstCoreDataDemo.xcdatamodeld in Sources */ = {isa = PBXBuildFile; fileRef = 8CC75A9C1B870F5300EA9C97 /* MyFirstCoreDataDemo.xcdatamodeld */; };
		8CC75AA31B870F5300EA9C97 /* Main.storyboard in Resources */ = {isa = PBXBuildFile; fileRef = 8CC75AA11B870F5300EA9C97 /* Main.storyboard */; };
		8CC75AA51B870F5300EA9C97 /* Images.xcassets in Resources */ = {isa = PBXBuildFile; fileRef = 8CC75AA41B870F5300EA9C97 /* Images.xcassets */; };
		8CC75AA81B870F5300EA9C97 /* LaunchScreen.xib in Resources */ = {isa = PBXBuildFile; fileRef = 8CC75AA61B870F5300EA9C97 /* LaunchScreen.xib */; };
		8CC75AB41B870F5300EA9C97 /* MyFirstCoreDataDemoTests.swift in Sources */ = {isa = PBXBuildFile; fileRef = 8CC75AB31B870F5300EA9C97 /* MyFirstCoreDataDemoTests.swift */; };
		8CC75ABE1B870FB100EA9C97 /* ListViewController.swift in Sources */ = {isa = PBXBuildFile; fileRef = 8CC75ABD1B870FB100EA9C97 /* ListViewController.swift */; };
/* End PBXBuildFile section */

/* Begin PBXContainerItemProxy section */
		8CC75AAE1B870F5300EA9C97 /* PBXContainerItemProxy */ = {
			isa = PBXContainerItemProxy;
			containerPortal = 8CC75A8D1B870F5300EA9C97 /* Project object */;
			proxyType = 1;
			remoteGlobalIDString = 8CC75A941B870F5300EA9C97;
			remoteInfo = MyFirstCoreDataDemo;
		};
/* End PBXContainerItemProxy section */

/* Begin PBXFileReference section */
		8CC75A951B870F5300EA9C97 /* MyFirstCoreDataDemo.app */ = {isa = PBXFileReference; explicitFileType = wrapper.application; includeInIndex = 0; path = MyFirstCoreDataDemo.app; sourceTree = BUILT_PRODUCTS_DIR; };
		8CC75A991B870F5300EA9C97 /* Info.plist */ = {isa = PBXFileReference; lastKnownFileType = text.plist.xml; path = Info.plist; sourceTree = "<group>"; };
		8CC75A9A1B870F5300EA9C97 /* AppDelegate.swift */ = {isa = PBXFileReference; lastKnownFileType = sourcecode.swift; path = AppDelegate.swift; sourceTree = "<group>"; };
		8CC75A9D1B870F5300EA9C97 /* MyFirstCoreDataDemo.xcdatamodel */ = {isa = PBXFileReference; lastKnownFileType = wrapper.xcdatamodel; path = MyFirstCoreDataDemo.xcdatamodel; sourceTree = "<group>"; };
		8CC75AA21B870F5300EA9C97 /* Base */ = {isa = PBXFileReference; lastKnownFileType = file.storyboard; name = Base; path = Base.lproj/Main.storyboard; sourceTree = "<group>"; };
		8CC75AA41B870F5300EA9C97 /* Images.xcassets */ = {isa = PBXFileReference; lastKnownFileType = folder.assetcatalog; path = Images.xcassets; sourceTree = "<group>"; };
		8CC75AA71B870F5300EA9C97 /* Base */ = {isa = PBXFileReference; lastKnownFileType = file.xib; name = Base; path = Base.lproj/LaunchScreen.xib; sourceTree = "<group>"; };
		8CC75AAD1B870F5300EA9C97 /* MyFirstCoreDataDemoTests.xctest */ = {isa = PBXFileReference; explicitFileType = wrapper.cfbundle; includeInIndex = 0; path = MyFirstCoreDataDemoTests.xctest; sourceTree = BUILT_PRODUCTS_DIR; };
		8CC75AB21B870F5300EA9C97 /* Info.plist */ = {isa = PBXFileReference; lastKnownFileType = text.plist.xml; path = Info.plist; sourceTree = "<group>"; };
		8CC75AB31B870F5300EA9C97 /* MyFirstCoreDataDemoTests.swift */ = {isa = PBXFileReference; lastKnownFileType = sourcecode.swift; path = MyFirstCoreDataDemoTests.swift; sourceTree = "<group>"; };
		8CC75ABD1B870FB100EA9C97 /* ListViewController.swift */ = {isa = PBXFileReference; fileEncoding = 4; lastKnownFileType = sourcecode.swift; path = ListViewController.swift; sourceTree = "<group>"; };
/* End PBXFileReference section */

/* Begin PBXFrameworksBuildPhase section */
		8CC75A921B870F5300EA9C97 /* Frameworks */ = {
			isa = PBXFrameworksBuildPhase;
			buildActionMask = 2147483647;
			files = (
			);
			runOnlyForDeploymentPostprocessing = 0;
		};
		8CC75AAA1B870F5300EA9C97 /* Frameworks */ = {
			isa = PBXFrameworksBuildPhase;
			buildActionMask = 2147483647;
			files = (
			);
			runOnlyForDeploymentPostprocessing = 0;
		};
/* End PBXFrameworksBuildPhase section */

/* Begin PBXGroup section */
		8CC75A8C1B870F5300EA9C97 = {
			isa = PBXGroup;
			children = (
				8CC75A971B870F5300EA9C97 /* MyFirstCoreDataDemo */,
				8CC75AB01B870F5300EA9C97 /* MyFirstCoreDataDemoTests */,
				8CC75A961B870F5300EA9C97 /* Products */,
			);
			sourceTree = "<group>";
		};
		8CC75A961B870F5300EA9C97 /* Products */ = {
			isa = PBXGroup;
			children = (
				8CC75A951B870F5300EA9C97 /* MyFirstCoreDataDemo.app */,
				8CC75AAD1B870F5300EA9C97 /* MyFirstCoreDataDemoTests.xctest */,
			);
			name = Products;
			sourceTree = "<group>";
		};
		8CC75A971B870F5300EA9C97 /* MyFirstCoreDataDemo */ = {
			isa = PBXGroup;
			children = (
				8CC75A9A1B870F5300EA9C97 /* AppDelegate.swift */,
				8CC75AA11B870F5300EA9C97 /* Main.storyboard */,
				8CC75AA41B870F5300EA9C97 /* Images.xcassets */,
				8CC75AA61B870F5300EA9C97 /* LaunchScreen.xib */,
				8CC75A9C1B870F5300EA9C97 /* MyFirstCoreDataDemo.xcdatamodeld */,
				8CC75A981B870F5300EA9C97 /* Supporting Files */,
				8CC75ABD1B870FB100EA9C97 /* ListViewController.swift */,
			);
			path = MyFirstCoreDataDemo;
			sourceTree = "<group>";
		};
		8CC75A981B870F5300EA9C97 /* Supporting Files */ = {
			isa = PBXGroup;
			children = (
				8CC75A991B870F5300EA9C97 /* Info.plist */,
			);
			name = "Supporting Files";
			sourceTree = "<group>";
		};
		8CC75AB01B870F5300EA9C97 /* MyFirstCoreDataDemoTests */ = {
			isa = PBXGroup;
			children = (
				8CC75AB31B870F5300EA9C97 /* MyFirstCoreDataDemoTests.swift */,
				8CC75AB11B870F5300EA9C97 /* Supporting Files */,
			);
			path = MyFirstCoreDataDemoTests;
			sourceTree = "<group>";
		};
		8CC75AB11B870F5300EA9C97 /* Supporting Files */ = {
			isa = PBXGroup;
			children = (
				8CC75AB21B870F5300EA9C97 /* Info.plist */,
			);
			name = "Supporting Files";
			sourceTree = "<group>";
		};
/* End PBXGroup section */

/* Begin PBXNativeTarget section */
		8CC75A941B870F5300EA9C97 /* MyFirstCoreDataDemo */ = {
			isa = PBXNativeTarget;
			buildConfigurationList = 8CC75AB71B870F5300EA9C97 /* Build configuration list for PBXNativeTarget "MyFirstCoreDataDemo" */;
			buildPhases = (
				8CC75A911B870F5300EA9C97 /* Sources */,
				8CC75A921B870F5300EA9C97 /* Frameworks */,
				8CC75A931B870F5300EA9C97 /* Resources */,
			);
			buildRules = (
			);
			dependencies = (
			);
			name = MyFirstCoreDataDemo;
			productName = MyFirstCoreDataDemo;
			productReference = 8CC75A951B870F5300EA9C97 /* MyFirstCoreDataDemo.app */;
			productType = "com.apple.product-type.application";
		};
		8CC75AAC1B870F5300EA9C97 /* MyFirstCoreDataDemoTests */ = {
			isa = PBXNativeTarget;
			buildConfigurationList = 8CC75ABA1B870F5300EA9C97 /* Build configuration list for PBXNativeTarget "MyFirstCoreDataDemoTests" */;
			buildPhases = (
				8CC75AA91B870F5300EA9C97 /* Sources */,
				8CC75AAA1B870F5300EA9C97 /* Frameworks */,
				8CC75AAB1B870F5300EA9C97 /* Resources */,
			);
			buildRules = (
			);
			dependencies = (
				8CC75AAF1B870F5300EA9C97 /* PBXTargetDependency */,
			);
			name = MyFirstCoreDataDemoTests;
			productName = MyFirstCoreDataDemoTests;
			productReference = 8CC75AAD1B870F5300EA9C97 /* MyFirstCoreDataDemoTests.xctest */;
			productType = "com.apple.product-type.bundle.unit-test";
		};
/* End PBXNativeTarget section */

/* Begin PBXProject section */
		8CC75A8D1B870F5300EA9C97 /* Project object */ = {
			isa = PBXProject;
			attributes = {
				LastUpgradeCheck = 0640;
				ORGANIZATIONNAME = "潘新宇";
				TargetAttributes = {
					8CC75A941B870F5300EA9C97 = {
						CreatedOnToolsVersion = 6.4;
					};
					8CC75AAC1B870F5300EA9C97 = {
						CreatedOnToolsVersion = 6.4;
						TestTargetID = 8CC75A941B870F5300EA9C97;
					};
				};
			};
			buildConfigurationList = 8CC75A901B870F5300EA9C97 /* Build configuration list for PBXProject "MyFirstCoreDataDemo" */;
			compatibilityVersion = "Xcode 3.2";
			developmentRegion = English;
			hasScannedForEncodings = 0;
			knownRegions = (
				en,
				Base,
			);
			mainGroup = 8CC75A8C1B870F5300EA9C97;
			productRefGroup = 8CC75A961B870F5300EA9C97 /* Products */;
			projectDirPath = "";
			projectRoot = "";
			targets = (
				8CC75A941B870F5300EA9C97 /* MyFirstCoreDataDemo */,
				8CC75AAC1B870F5300EA9C97 /* MyFirstCoreDataDemoTests */,
			);
		};
/* End PBXProject section */

/* Begin PBXResourcesBuildPhase section */
		8CC75A931B870F5300EA9C97 /* Resources */ = {
			isa = PBXResourcesBuildPhase;
			buildActionMask = 2147483647;
			files = (
				8CC75AA31B870F5300EA9C97 /* Main.storyboard in Resources */,
				8CC75AA81B870F5300EA9C97 /* LaunchScreen.xib in Resources */,
				8CC75AA51B870F5300EA9C97 /* Images.xcassets in Resources */,
			);
			runOnlyForDeploymentPostprocessing = 0;
		};
		8CC75AAB1B870F5300EA9C97 /* Resources */ = {
			isa = PBXResourcesBuildPhase;
			buildActionMask = 2147483647;
			files = (
			);
			runOnlyForDeploymentPostprocessing = 0;
		};
/* End PBXResourcesBuildPhase section */

/* Begin PBXSourcesBuildPhase section */
		8CC75A911B870F5300EA9C97 /* Sources */ = {
			isa = PBXSourcesBuildPhase;
			buildActionMask = 2147483647;
			files = (
				8CC75A9E1B870F5300EA9C97 /* MyFirstCoreDataDemo.xcdatamodeld in Sources */,
				8CC75ABE1B870FB100EA9C97 /* ListViewController.swift in Sources */,
				8CC75A9B1B870F5300EA9C97 /* AppDelegate.swift in Sources */,
			);
			runOnlyForDeploymentPostprocessing = 0;
		};
		8CC75AA91B870F5300EA9C97 /* Sources */ = {
			isa = PBXSourcesBuildPhase;
			buildActionMask = 2147483647;
			files = (
				8CC75AB41B870F5300EA9C97 /* MyFirstCoreDataDemoTests.swift in Sources */,
			);
			runOnlyForDeploymentPostprocessing = 0;
		};
/* End PBXSourcesBuildPhase section */

/* Begin PBXTargetDependency section */
		8CC75AAF1B870F5300EA9C97 /* PBXTargetDependency */ = {
			isa = PBXTargetDependency;
			target = 8CC75A941B870F5300EA9C97 /* MyFirstCoreDataDemo */;
			targetProxy = 8CC75AAE1B870F5300EA9C97 /* PBXContainerItemProxy */;
		};
/* End PBXTargetDependency section */

/* Begin PBXVariantGroup section */
		8CC75AA11B870F5300EA9C97 /* Main.storyboard */ = {
			isa = PBXVariantGroup;
			children = (
				8CC75AA21B870F5300EA9C97 /* Base */,
			);
			name = Main.storyboard;
			sourceTree = "<group>";
		};
		8CC75AA61B870F5300EA9C97 /* LaunchScreen.xib */ = {
			isa = PBXVariantGroup;
			children = (
				8CC75AA71B870F5300EA9C97 /* Base */,
			);
			name = LaunchScreen.xib;
			sourceTree = "<group>";
		};
/* End PBXVariantGroup section */

/* Begin XCBuildConfiguration section */
		8CC75AB51B870F5300EA9C97 /* Debug */ = {
			isa = XCBuildConfiguration;
			buildSettings = {
				ALWAYS_SEARCH_USER_PATHS = NO;
				CLANG_CXX_LANGUAGE_STANDARD = "gnu++0x";
				CLANG_CXX_LIBRARY = "libc++";
				CLANG_ENABLE_MODULES = YES;
				CLANG_ENABLE_OBJC_ARC = YES;
				CLANG_WARN_BOOL_CONVERSION = YES;
				CLANG_WARN_CONSTANT_CONVERSION = YES;
				CLANG_WARN_DIRECT_OBJC_ISA_USAGE = YES_ERROR;
				CLANG_WARN_EMPTY_BODY = YES;
				CLANG_WARN_ENUM_CONVERSION = YES;
				CLANG_WARN_INT_CONVERSION = YES;
				CLANG_WARN_OBJC_ROOT_CLASS = YES_ERROR;
				CLANG_WARN_UNREACHABLE_CODE = YES;
				CLANG_WARN__DUPLICATE_METHOD_MATCH = YES;
				"CODE_SIGN_IDENTITY[sdk=iphoneos*]" = "iPhone Developer";
				COPY_PHASE_STRIP = NO;
				DEBUG_INFORMATION_FORMAT = "dwarf-with-dsym";
				ENABLE_STRICT_OBJC_MSGSEND = YES;
				GCC_C_LANGUAGE_STANDARD = gnu99;
				GCC_DYNAMIC_NO_PIC = NO;
				GCC_NO_COMMON_BLOCKS = YES;
				GCC_OPTIMIZATION_LEVEL = 0;
				GCC_PREPROCESSOR_DEFINITIONS = (
					"DEBUG=1",
					"$(inherited)",
				);
				GCC_SYMBOLS_PRIVATE_EXTERN = NO;
				GCC_WARN_64_TO_32_BIT_CONVERSION = YES;
				GCC_WARN_ABOUT_RETURN_TYPE = YES_ERROR;
				GCC_WARN_UNDECLARED_SELECTOR = YES;
				GCC_WARN_UNINITIALIZED_AUTOS = YES_AGGRESSIVE;
				GCC_WARN_UNUSED_FUNCTION = YES;
				GCC_WARN_UNUSED_VARIABLE = YES;
				IPHONEOS_DEPLOYMENT_TARGET = 8.4;
				MTL_ENABLE_DEBUG_INFO = YES;
				ONLY_ACTIVE_ARCH = YES;
				SDKROOT = iphoneos;
				SWIFT_OPTIMIZATION_LEVEL = "-Onone";
			};
			name = Debug;
		};
		8CC75AB61B870F5300EA9C97 /* Release */ = {
			isa = XCBuildConfiguration;
			buildSettings = {
				ALWAYS_SEARCH_USER_PATHS = NO;
				CLANG_CXX_LANGUAGE_STANDARD = "gnu++0x";
				CLANG_CXX_LIBRARY = "libc++";
				CLANG_ENABLE_MODULES = YES;
				CLANG_ENABLE_OBJC_ARC = YES;
				CLANG_WARN_BOOL_CONVERSION = YES;
				CLANG_WARN_CONSTANT_CONVERSION = YES;
				CLANG_WARN_DIRECT_OBJC_ISA_USAGE = YES_ERROR;
				CLANG_WARN_EMPTY_BODY = YES;
				CLANG_WARN_ENUM_CONVERSION = YES;
				CLANG_WARN_INT_CONVERSION = YES;
				CLANG_WARN_OBJC_ROOT_CLASS = YES_ERROR;
				CLANG_WARN_UNREACHABLE_CODE = YES;
				CLANG_WARN__DUPLICATE_METHOD_MATCH = YES;
				"CODE_SIGN_IDENTITY[sdk=iphoneos*]" = "iPhone Developer";
				COPY_PHASE_STRIP = NO;
				DEBUG_INFORMATION_FORMAT = "dwarf-with-dsym";
				ENABLE_NS_ASSERTIONS = NO;
				ENABLE_STRICT_OBJC_MSGSEND = YES;
				GCC_C_LANGUAGE_STANDARD = gnu99;
				GCC_NO_COMMON_BLOCKS = YES;
				GCC_WARN_64_TO_32_BIT_CONVERSION = YES;
				GCC_WARN_ABOUT_RETURN_TYPE = YES_ERROR;
				GCC_WARN_UNDECLARED_SELECTOR = YES;
				GCC_WARN_UNINITIALIZED_AUTOS = YES_AGGRESSIVE;
				GCC_WARN_UNUSED_FUNCTION = YES;
				GCC_WARN_UNUSED_VARIABLE = YES;
				IPHONEOS_DEPLOYMENT_TARGET = 8.4;
				MTL_ENABLE_DEBUG_INFO = NO;
				SDKROOT = iphoneos;
				VALIDATE_PRODUCT = YES;
			};
			name = Release;
		};
		8CC75AB81B870F5300EA9C97 /* Debug */ = {
			isa = XCBuildConfiguration;
			buildSettings = {
				ASSETCATALOG_COMPILER_APPICON_NAME = AppIcon;
				INFOPLIST_FILE = MyFirstCoreDataDemo/Info.plist;
				LD_RUNPATH_SEARCH_PATHS = "$(inherited) @executable_path/Frameworks";
				PRODUCT_NAME = "$(TARGET_NAME)";
			};
			name = Debug;
		};
		8CC75AB91B870F5300EA9C97 /* Release */ = {
			isa = XCBuildConfiguration;
			buildSettings = {
				ASSETCATALOG_COMPILER_APPICON_NAME = AppIcon;
				INFOPLIST_FILE = MyFirstCoreDataDemo/Info.plist;
				LD_RUNPATH_SEARCH_PATHS = "$(inherited) @executable_path/Frameworks";
				PRODUCT_NAME = "$(TARGET_NAME)";
			};
			name = Release;
		};
		8CC75ABB1B870F5300EA9C97 /* Debug */ = {
			isa = XCBuildConfiguration;
			buildSettings = {
				BUNDLE_LOADER = "$(TEST_HOST)";
				FRAMEWORK_SEARCH_PATHS = (
					"$(SDKROOT)/Developer/Library/Frameworks",
					"$(inherited)",
				);
				GCC_PREPROCESSOR_DEFINITIONS = (
					"DEBUG=1",
					"$(inherited)",
				);
				INFOPLIST_FILE = MyFirstCoreDataDemoTests/Info.plist;
				LD_RUNPATH_SEARCH_PATHS = "$(inherited) @executable_path/Frameworks @loader_path/Frameworks";
				PRODUCT_NAME = "$(TARGET_NAME)";
				TEST_HOST = "$(BUILT_PRODUCTS_DIR)/MyFirstCoreDataDemo.app/MyFirstCoreDataDemo";
			};
			name = Debug;
		};
		8CC75ABC1B870F5300EA9C97 /* Release */ = {
			isa = XCBuildConfiguration;
			buildSettings = {
				BUNDLE_LOADER = "$(TEST_HOST)";
				FRAMEWORK_SEARCH_PATHS = (
					"$(SDKROOT)/Developer/Library/Frameworks",
					"$(inherited)",
				);
				INFOPLIST_FILE = MyFirstCoreDataDemoTests/Info.plist;
				LD_RUNPATH_SEARCH_PATHS = "$(inherited) @executable_path/Frameworks @loader_path/Frameworks";
				PRODUCT_NAME = "$(TARGET_NAME)";
				TEST_HOST = "$(BUILT_PRODUCTS_DIR)/MyFirstCoreDataDemo.app/MyFirstCoreDataDemo";
			};
			name = Release;
		};
/* End XCBuildConfiguration section */

/* Begin XCConfigurationList section */
		8CC75A901B870F5300EA9C97 /* Build configuration list for PBXProject "MyFirstCoreDataDemo" */ = {
			isa = XCConfigurationList;
			buildConfigurations = (
				8CC75AB51B870F5300EA9C97 /* Debug */,
				8CC75AB61B870F5300EA9C97 /* Release */,
			);
			defaultConfigurationIsVisible = 0;
			defaultConfigurationName = Release;
		};
		8CC75AB71B870F5300EA9C97 /* Build configuration list for PBXNativeTarget "MyFirstCoreDataDemo" */ = {
			isa = XCConfigurationList;
			buildConfigurations = (
				8CC75AB81B870F5300EA9C97 /* Debug */,
				8CC75AB91B870F5300EA9C97 /* Release */,
			);
			defaultConfigurationIsVisible = 0;
		};
		8CC75ABA1B870F5300EA9C97 /* Build configuration list for PBXNativeTarget "MyFirstCoreDataDemoTests" */ = {
			isa = XCConfigurationList;
			buildConfigurations = (
				8CC75ABB1B870F5300EA9C97 /* Debug */,
				8CC75ABC1B870F5300EA9C97 /* Release */,
			);
			defaultConfigurationIsVisible = 0;
		};
/* End XCConfigurationList section */

/* Begin XCVersionGroup section */
		8CC75A9C1B870F5300EA9C97 /* MyFirstCoreDataDemo.xcdatamodeld */ = {
			isa = XCVersionGroup;
			children = (
				8CC75A9D1B870F5300EA9C97 /* MyFirstCoreDataDemo.xcdatamodel */,
			);
			currentVersion = 8CC75A9D1B870F5300EA9C97 /* MyFirstCoreDataDemo.xcdatamodel */;
			path = MyFirstCoreDataDemo.xcdatamodeld;
			sourceTree = "<group>";
			versionGroupType = wrapper.xcdatamodel;
		};
/* End XCVersionGroup section */
	};
	rootObject = 8CC75A8D1B870F5300EA9C97 /* Project object */;
}
